
Microsoft Visual Studio Solution File, Format Version 12.00
# Visual Studio Version 16
VisualStudioVersion = 16.0.28803.452
MinimumVisualStudioVersion = 10.0.40219.1
Project("{FAE04EC0-301F-11D3-BF4B-00C04F79EFBC}") = "ExerciseMVC", "ExerciseMVC\ExerciseMVC.csproj", "{1E3D656D-97F7-4CA6-A47D-86ED4D914ECC}"
EndProject
Global
	GlobalSection(SolutionConfigurationPlatforms) = preSolution
		Debug|Any CPU = Debug|Any CPU
		Release|Any CPU = Release|Any CPU
	EndGlobalSection
	GlobalSection(ProjectConfigurationPlatforms) = postSolution
		{1E3D656D-97F7-4CA6-A47D-86ED4D914ECC}.Debug|Any CPU.ActiveCfg = Debug|Any CPU
		{1E3D656D-97F7-4CA6-A47D-86ED4D914ECC}.Debug|Any CPU.Build.0 = Debug|Any CPU
		{1E3D656D-97F7-4CA6-A47D-86ED4D914ECC}.Release|Any CPU.ActiveCfg = Release|Any CPU
		{1E3D656D-97F7-4CA6-A47D-86ED4D914ECC}.Release|Any CPU.Build.0 = Release|Any CPU
	EndGlobalSection
	GlobalSection(SolutionProperties) = preSolution
		HideSolutionNode = FALSE
	EndGlobalSection
	GlobalSection(ExtensibilityGlobals) = postSolution
		SolutionGuid = {FB9111D0-C3A9-4A9F-A4E4-D3340EEB9011}
	EndGlobalSection
EndGlobal
